
Microsoft Visual Studio Solution File, Format Version 12.00
# Visual Studio Version 16
VisualStudioVersion = 16.0.32602.291
MinimumVisualStudioVersion = 10.0.40219.1
Project("{9A19103F-16F7-4668-BE54-9A1E7A4F7556}") = "MMO_Server", "MMO_Server\MMO_Server.csproj", "{66F0A95A-A9A6-4CEE-84C8-005FBF552536}"
EndProject
Project("{9A19103F-16F7-4668-BE54-9A1E7A4F7556}") = "ServerCore", "ServerCore\ServerCore.csproj", "{EF5FBEE7-0F29-48DF-BFBB-FE8822C125B7}"
EndProject
Project("{9A19103F-16F7-4668-BE54-9A1E7A4F7556}") = "DummyClient", "DummyClient\DummyClient.csproj", "{C31F9557-93F1-4629-B56F-36E0E08113B0}"
EndProject
Project("{2150E333-8FDC-42A3-9474-1A3956D46DE8}") = "Tools", "Tools", "{5E3B59F6-E7DB-49C3-961B-EDB5F3D86931}"
EndProject
Project("{9A19103F-16F7-4668-BE54-9A1E7A4F7556}") = "PacketGenerator2", "PacketGenerator2\PacketGenerator2.csproj", "{1A1F9152-5CF6-4FC7-9A27-4C8FBFFC970F}"
EndProject
Project("{9A19103F-16F7-4668-BE54-9A1E7A4F7556}") = "AccountServer", "AccountServer\AccountServer.csproj", "{E0F9E668-BA0E-4760-9261-13FCD624ECD7}"
EndProject
Project("{FAE04EC0-301F-11D3-BF4B-00C04F79EFBC}") = "SharedDB", "SharedDB\SharedDB.csproj", "{387F142F-3CF2-446E-B06C-4D2FEFAFFD73}"
EndProject
Global
	GlobalSection(SolutionConfigurationPlatforms) = preSolution
		Debug|Any CPU = Debug|Any CPU
		Release|Any CPU = Release|Any CPU
	EndGlobalSection
	GlobalSection(ProjectConfigurationPlatforms) = postSolution
		{66F0A95A-A9A6-4CEE-84C8-005FBF552536}.Debug|Any CPU.ActiveCfg = Debug|Any CPU
		{66F0A95A-A9A6-4CEE-84C8-005FBF552536}.Debug|Any CPU.Build.0 = Debug|Any CPU
		{66F0A95A-A9A6-4CEE-84C8-005FBF552536}.Release|Any CPU.ActiveCfg = Release|Any CPU
		{66F0A95A-A9A6-4CEE-84C8-005FBF552536}.Release|Any CPU.Build.0 = Release|Any CPU
		{EF5FBEE7-0F29-48DF-BFBB-FE8822C125B7}.Debug|Any CPU.ActiveCfg = Debug|Any CPU
		{EF5FBEE7-0F29-48DF-BFBB-FE8822C125B7}.Debug|Any CPU.Build.0 = Debug|Any CPU
		{EF5FBEE7-0F29-48DF-BFBB-FE8822C125B7}.Release|Any CPU.ActiveCfg = Release|Any CPU
		{EF5FBEE7-0F29-48DF-BFBB-FE8822C125B7}.Release|Any CPU.Build.0 = Release|Any CPU
		{C31F9557-93F1-4629-B56F-36E0E08113B0}.Debug|Any CPU.ActiveCfg = Debug|Any CPU
		{C31F9557-93F1-4629-B56F-36E0E08113B0}.Debug|Any CPU.Build.0 = Debug|Any CPU
		{C31F9557-93F1-4629-B56F-36E0E08113B0}.Release|Any CPU.ActiveCfg = Release|Any CPU
		{C31F9557-93F1-4629-B56F-36E0E08113B0}.Release|Any CPU.Build.0 = Release|Any CPU
		{1A1F9152-5CF6-4FC7-9A27-4C8FBFFC970F}.Debug|Any CPU.ActiveCfg = Debug|Any CPU
		{1A1F9152-5CF6-4FC7-9A27-4C8FBFFC970F}.Debug|Any CPU.Build.0 = Debug|Any CPU
		{1A1F9152-5CF6-4FC7-9A27-4C8FBFFC970F}.Release|Any CPU.ActiveCfg = Release|Any CPU
		{1A1F9152-5CF6-4FC7-9A27-4C8FBFFC970F}.Release|Any CPU.Build.0 = Release|Any CPU
		{E0F9E668-BA0E-4760-9261-13FCD624ECD7}.Debug|Any CPU.ActiveCfg = Debug|Any CPU
		{E0F9E668-BA0E-4760-9261-13FCD624ECD7}.Debug|Any CPU.Build.0 = Debug|Any CPU
		{E0F9E668-BA0E-4760-9261-13FCD624ECD7}.Release|Any CPU.ActiveCfg = Release|Any CPU
		{E0F9E668-BA0E-4760-9261-13FCD624ECD7}.Release|Any CPU.Build.0 = Release|Any CPU
		{387F142F-3CF2-446E-B06C-4D2FEFAFFD73}.Debug|Any CPU.ActiveCfg = Debug|Any CPU
		{387F142F-3CF2-446E-B06C-4D2FEFAFFD73}.Debug|Any CPU.Build.0 = Debug|Any CPU
		{387F142F-3CF2-446E-B06C-4D2FEFAFFD73}.Release|Any CPU.ActiveCfg = Release|Any CPU
		{387F142F-3CF2-446E-B06C-4D2FEFAFFD73}.Release|Any CPU.Build.0 = Release|Any CPU
	EndGlobalSection
	GlobalSection(SolutionProperties) = preSolution
		HideSolutionNode = FALSE
	EndGlobalSection
	GlobalSection(NestedProjects) = preSolution
		{1A1F9152-5CF6-4FC7-9A27-4C8FBFFC970F} = {5E3B59F6-E7DB-49C3-961B-EDB5F3D86931}
	EndGlobalSection
	GlobalSection(ExtensibilityGlobals) = postSolution
		SolutionGuid = {149B63E8-F6C6-4BCB-B8F8-9BDA2CA7B895}
	EndGlobalSection
EndGlobal
